{
  "name": "kaspa-covenant-game-kit",
  "version": "0.1.0",
  "lockfileVersion": 3,
  "requires": true,
  "packages": {
    "": {
      "name": "kaspa-covenant-game-kit",
      "version": "0.1.0",
      "license": "MIT",
      "dependencies": {
        "@kluster/kaspa-wasm": "2.0.1"
      },
      "engines": {
        "node": ">=20"
      }
    },
    "node_modules/@kluster/kaspa-wasm": {
      "version": "2.0.1",
      "resolved": "https://registry.npmjs.org/@kluster/kaspa-wasm/-/kaspa-wasm-2.0.1.tgz",
      "integrity": "sha512-ENOyZaMurTIAT8hNt/D61DT9pLEd57ZW0pAhiD3aEQR1jI0YICHLyzdtCBnpp8wrfHDeabvn48G+ALdGj/1rrQ==",
      "license": "ISC"
    }
  }
}
